
Microsoft Visual Studio Solution File, Format Version 11.00
# Visual Studio 2010
Project("{FAE04EC0-301F-11D3-BF4B-00C04F79EFBC}") = "MicroORM", "Micro+\MicroORM.csproj", "{4510EF0A-1632-4F90-8E58-9626FAA9E352}"
EndProject
Project("{FAE04EC0-301F-11D3-BF4B-00C04F79EFBC}") = "Micro.Program", "Micro.Program\Micro.Program.csproj", "{FA4E8951-1440-4052-8D8B-84DFAB611AA7}"
EndProject
Global
	GlobalSection(SolutionConfigurationPlatforms) = preSolution
		Debug|Any CPU = Debug|Any CPU
		Debug|Mixed Platforms = Debug|Mixed Platforms
		Debug|x86 = Debug|x86
		Release|Any CPU = Release|Any CPU
		Release|Mixed Platforms = Release|Mixed Platforms
		Release|x86 = Release|x86
	EndGlobalSection
	GlobalSection(ProjectConfigurationPlatforms) = postSolution
		{4510EF0A-1632-4F90-8E58-9626FAA9E352}.Debug|Any CPU.ActiveCfg = Debug|Any CPU
		{4510EF0A-1632-4F90-8E58-9626FAA9E352}.Debug|Any CPU.Build.0 = Debug|Any CPU
		{4510EF0A-1632-4F90-8E58-9626FAA9E352}.Debug|Mixed Platforms.ActiveCfg = Debug|Any CPU
		{4510EF0A-1632-4F90-8E58-9626FAA9E352}.Debug|Mixed Platforms.Build.0 = Debug|Any CPU
		{4510EF0A-1632-4F90-8E58-9626FAA9E352}.Debug|x86.ActiveCfg = Debug|Any CPU
		{4510EF0A-1632-4F90-8E58-9626FAA9E352}.Release|Any CPU.ActiveCfg = Release|Any CPU
		{4510EF0A-1632-4F90-8E58-9626FAA9E352}.Release|Any CPU.Build.0 = Release|Any CPU
		{4510EF0A-1632-4F90-8E58-9626FAA9E352}.Release|Mixed Platforms.ActiveCfg = Release|Any CPU
		{4510EF0A-1632-4F90-8E58-9626FAA9E352}.Release|Mixed Platforms.Build.0 = Release|Any CPU
		{4510EF0A-1632-4F90-8E58-9626FAA9E352}.Release|x86.ActiveCfg = Release|Any CPU
		{FA4E8951-1440-4052-8D8B-84DFAB611AA7}.Debug|Any CPU.ActiveCfg = Debug|x86
		{FA4E8951-1440-4052-8D8B-84DFAB611AA7}.Debug|Mixed Platforms.ActiveCfg = Debug|x86
		{FA4E8951-1440-4052-8D8B-84DFAB611AA7}.Debug|Mixed Platforms.Build.0 = Debug|x86
		{FA4E8951-1440-4052-8D8B-84DFAB611AA7}.Debug|x86.ActiveCfg = Debug|x86
		{FA4E8951-1440-4052-8D8B-84DFAB611AA7}.Debug|x86.Build.0 = Debug|x86
		{FA4E8951-1440-4052-8D8B-84DFAB611AA7}.Release|Any CPU.ActiveCfg = Release|x86
		{FA4E8951-1440-4052-8D8B-84DFAB611AA7}.Release|Mixed Platforms.ActiveCfg = Release|x86
		{FA4E8951-1440-4052-8D8B-84DFAB611AA7}.Release|Mixed Platforms.Build.0 = Release|x86
		{FA4E8951-1440-4052-8D8B-84DFAB611AA7}.Release|x86.ActiveCfg = Release|x86
		{FA4E8951-1440-4052-8D8B-84DFAB611AA7}.Release|x86.Build.0 = Release|x86
	EndGlobalSection
	GlobalSection(SolutionProperties) = preSolution
		HideSolutionNode = FALSE
	EndGlobalSection
EndGlobal
