
Microsoft Visual Studio Solution File, Format Version 12.00
# Visual Studio 14
VisualStudioVersion = 14.0.25123.0
MinimumVisualStudioVersion = 10.0.40219.1
Project("{FAE04EC0-301F-11D3-BF4B-00C04F79EFBC}") = "RabbitDB", "RabbitDB\RabbitDB.csproj", "{4510EF0A-1632-4F90-8E58-9626FAA9E352}"
EndProject
Project("{FAE04EC0-301F-11D3-BF4B-00C04F79EFBC}") = "RabbitDB.Program", "RabbitDB.Program\RabbitDB.Program.csproj", "{FA4E8951-1440-4052-8D8B-84DFAB611AA7}"
EndProject
Project("{FAE04EC0-301F-11D3-BF4B-00C04F79EFBC}") = "RabbitDB.Test", "RabbitDB.Test\RabbitDB.Test.csproj", "{73AC7225-2CCB-471B-B56B-0DF4149701D3}"
EndProject
Project("{2150E333-8FDC-42A3-9474-1A3956D46DE8}") = "Solution Items", "Solution Items", "{48227C5F-18F4-448B-9F95-542B6662D8CB}"
	ProjectSection(SolutionItems) = preProject
		Local.testsettings = Local.testsettings
		RabbitDB.vsmdi = RabbitDB.vsmdi
		TraceAndTestImpact.testsettings = TraceAndTestImpact.testsettings
	EndProjectSection
EndProject
Project("{FAE04EC0-301F-11D3-BF4B-00C04F79EFBC}") = "RabbitDB.Entity", "RabbitDB.Entity\RabbitDB.Entity.csproj", "{977C1C5D-AD72-4306-9D25-404D4CCF2D04}"
EndProject
Project("{FAE04EC0-301F-11D3-BF4B-00C04F79EFBC}") = "RabbitDB.Contracts", "RabbitDB.Contracts\RabbitDB.Contracts.csproj", "{44FEAE36-B246-4EBE-9CE9-775DAEBFA5AD}"
EndProject
Global
	GlobalSection(SolutionConfigurationPlatforms) = preSolution
		Debug|Any CPU = Debug|Any CPU
		Debug|Mixed Platforms = Debug|Mixed Platforms
		Debug|x86 = Debug|x86
		Release|Any CPU = Release|Any CPU
		Release|Mixed Platforms = Release|Mixed Platforms
		Release|x86 = Release|x86
	EndGlobalSection
	GlobalSection(ProjectConfigurationPlatforms) = postSolution
		{4510EF0A-1632-4F90-8E58-9626FAA9E352}.Debug|Any CPU.ActiveCfg = Debug|Any CPU
		{4510EF0A-1632-4F90-8E58-9626FAA9E352}.Debug|Any CPU.Build.0 = Debug|Any CPU
		{4510EF0A-1632-4F90-8E58-9626FAA9E352}.Debug|Mixed Platforms.ActiveCfg = Debug|Any CPU
		{4510EF0A-1632-4F90-8E58-9626FAA9E352}.Debug|Mixed Platforms.Build.0 = Debug|Any CPU
		{4510EF0A-1632-4F90-8E58-9626FAA9E352}.Debug|x86.ActiveCfg = Debug|Any CPU
		{4510EF0A-1632-4F90-8E58-9626FAA9E352}.Release|Any CPU.ActiveCfg = Release|Any CPU
		{4510EF0A-1632-4F90-8E58-9626FAA9E352}.Release|Any CPU.Build.0 = Release|Any CPU
		{4510EF0A-1632-4F90-8E58-9626FAA9E352}.Release|Mixed Platforms.ActiveCfg = Release|Any CPU
		{4510EF0A-1632-4F90-8E58-9626FAA9E352}.Release|Mixed Platforms.Build.0 = Release|Any CPU
		{4510EF0A-1632-4F90-8E58-9626FAA9E352}.Release|x86.ActiveCfg = Release|Any CPU
		{FA4E8951-1440-4052-8D8B-84DFAB611AA7}.Debug|Any CPU.ActiveCfg = Debug|x86
		{FA4E8951-1440-4052-8D8B-84DFAB611AA7}.Debug|Mixed Platforms.ActiveCfg = Debug|x86
		{FA4E8951-1440-4052-8D8B-84DFAB611AA7}.Debug|Mixed Platforms.Build.0 = Debug|x86
		{FA4E8951-1440-4052-8D8B-84DFAB611AA7}.Debug|x86.ActiveCfg = Debug|x86
		{FA4E8951-1440-4052-8D8B-84DFAB611AA7}.Debug|x86.Build.0 = Debug|x86
		{FA4E8951-1440-4052-8D8B-84DFAB611AA7}.Release|Any CPU.ActiveCfg = Release|x86
		{FA4E8951-1440-4052-8D8B-84DFAB611AA7}.Release|Mixed Platforms.ActiveCfg = Release|x86
		{FA4E8951-1440-4052-8D8B-84DFAB611AA7}.Release|Mixed Platforms.Build.0 = Release|x86
		{FA4E8951-1440-4052-8D8B-84DFAB611AA7}.Release|x86.ActiveCfg = Release|x86
		{FA4E8951-1440-4052-8D8B-84DFAB611AA7}.Release|x86.Build.0 = Release|x86
		{73AC7225-2CCB-471B-B56B-0DF4149701D3}.Debug|Any CPU.ActiveCfg = Debug|Any CPU
		{73AC7225-2CCB-471B-B56B-0DF4149701D3}.Debug|Any CPU.Build.0 = Debug|Any CPU
		{73AC7225-2CCB-471B-B56B-0DF4149701D3}.Debug|Mixed Platforms.ActiveCfg = Debug|Any CPU
		{73AC7225-2CCB-471B-B56B-0DF4149701D3}.Debug|Mixed Platforms.Build.0 = Debug|Any CPU
		{73AC7225-2CCB-471B-B56B-0DF4149701D3}.Debug|x86.ActiveCfg = Debug|Any CPU
		{73AC7225-2CCB-471B-B56B-0DF4149701D3}.Release|Any CPU.ActiveCfg = Release|Any CPU
		{73AC7225-2CCB-471B-B56B-0DF4149701D3}.Release|Any CPU.Build.0 = Release|Any CPU
		{73AC7225-2CCB-471B-B56B-0DF4149701D3}.Release|Mixed Platforms.ActiveCfg = Release|Any CPU
		{73AC7225-2CCB-471B-B56B-0DF4149701D3}.Release|Mixed Platforms.Build.0 = Release|Any CPU
		{73AC7225-2CCB-471B-B56B-0DF4149701D3}.Release|x86.ActiveCfg = Release|Any CPU
		{977C1C5D-AD72-4306-9D25-404D4CCF2D04}.Debug|Any CPU.ActiveCfg = Debug|Any CPU
		{977C1C5D-AD72-4306-9D25-404D4CCF2D04}.Debug|Any CPU.Build.0 = Debug|Any CPU
		{977C1C5D-AD72-4306-9D25-404D4CCF2D04}.Debug|Mixed Platforms.ActiveCfg = Debug|Any CPU
		{977C1C5D-AD72-4306-9D25-404D4CCF2D04}.Debug|Mixed Platforms.Build.0 = Debug|Any CPU
		{977C1C5D-AD72-4306-9D25-404D4CCF2D04}.Debug|x86.ActiveCfg = Debug|Any CPU
		{977C1C5D-AD72-4306-9D25-404D4CCF2D04}.Release|Any CPU.ActiveCfg = Release|Any CPU
		{977C1C5D-AD72-4306-9D25-404D4CCF2D04}.Release|Any CPU.Build.0 = Release|Any CPU
		{977C1C5D-AD72-4306-9D25-404D4CCF2D04}.Release|Mixed Platforms.ActiveCfg = Release|Any CPU
		{977C1C5D-AD72-4306-9D25-404D4CCF2D04}.Release|Mixed Platforms.Build.0 = Release|Any CPU
		{977C1C5D-AD72-4306-9D25-404D4CCF2D04}.Release|x86.ActiveCfg = Release|Any CPU
		{44FEAE36-B246-4EBE-9CE9-775DAEBFA5AD}.Debug|Any CPU.ActiveCfg = Debug|Any CPU
		{44FEAE36-B246-4EBE-9CE9-775DAEBFA5AD}.Debug|Any CPU.Build.0 = Debug|Any CPU
		{44FEAE36-B246-4EBE-9CE9-775DAEBFA5AD}.Debug|Mixed Platforms.ActiveCfg = Debug|Any CPU
		{44FEAE36-B246-4EBE-9CE9-775DAEBFA5AD}.Debug|Mixed Platforms.Build.0 = Debug|Any CPU
		{44FEAE36-B246-4EBE-9CE9-775DAEBFA5AD}.Debug|x86.ActiveCfg = Debug|Any CPU
		{44FEAE36-B246-4EBE-9CE9-775DAEBFA5AD}.Debug|x86.Build.0 = Debug|Any CPU
		{44FEAE36-B246-4EBE-9CE9-775DAEBFA5AD}.Release|Any CPU.ActiveCfg = Release|Any CPU
		{44FEAE36-B246-4EBE-9CE9-775DAEBFA5AD}.Release|Any CPU.Build.0 = Release|Any CPU
		{44FEAE36-B246-4EBE-9CE9-775DAEBFA5AD}.Release|Mixed Platforms.ActiveCfg = Release|Any CPU
		{44FEAE36-B246-4EBE-9CE9-775DAEBFA5AD}.Release|Mixed Platforms.Build.0 = Release|Any CPU
		{44FEAE36-B246-4EBE-9CE9-775DAEBFA5AD}.Release|x86.ActiveCfg = Release|Any CPU
		{44FEAE36-B246-4EBE-9CE9-775DAEBFA5AD}.Release|x86.Build.0 = Release|Any CPU
	EndGlobalSection
	GlobalSection(SolutionProperties) = preSolution
		HideSolutionNode = FALSE
	EndGlobalSection
	GlobalSection(TestCaseManagementSettings) = postSolution
		CategoryFile = RabbitDB.vsmdi
	EndGlobalSection
EndGlobal
